// !$*UTF8*$!
{
	archiveVersion = 1;
	classes = {
	};
	objectVersion = 53;
	objects = {

/* Begin PBXBuildFile section */
		18A2405727230D17009C40B2 /* PostGameMenuScene.swift in Sources */ = {isa = PBXBuildFile; fileRef = 18A2405627230D16009C40B2 /* PostGameMenuScene.swift */; };
		6F2DBBFE271F3F2800675139 /* StartMenuScene.swift in Sources */ = {isa = PBXBuildFile; fileRef = 6F2DBBFD271F3F2800675139 /* StartMenuScene.swift */; };
		6F5E5B8E27447BDF007D5026 /* Types.swift in Sources */ = {isa = PBXBuildFile; fileRef = 6F5E5B8D27447BDF007D5026 /* Types.swift */; };
		6FA955CF271C9EDE00E7527E /* AppDelegate.swift in Sources */ = {isa = PBXBuildFile; fileRef = 6FA955CE271C9EDE00E7527E /* AppDelegate.swift */; };
		6FA955D5271C9EDE00E7527E /* InfiniteJSONGameScene.swift in Sources */ = {isa = PBXBuildFile; fileRef = 6FA955D4271C9EDE00E7527E /* InfiniteJSONGameScene.swift */; };
		6FA955D7271C9EDE00E7527E /* GameViewController.swift in Sources */ = {isa = PBXBuildFile; fileRef = 6FA955D6271C9EDE00E7527E /* GameViewController.swift */; };
		6FA955DA271C9EDE00E7527E /* Main.storyboard in Resources */ = {isa = PBXBuildFile; fileRef = 6FA955D8271C9EDE00E7527E /* Main.storyboard */; };
		6FA955DC271C9EDF00E7527E /* Assets.xcassets in Resources */ = {isa = PBXBuildFile; fileRef = 6FA955DB271C9EDF00E7527E /* Assets.xcassets */; };
		6FA955DF271C9EDF00E7527E /* LaunchScreen.storyboard in Resources */ = {isa = PBXBuildFile; fileRef = 6FA955DD271C9EDF00E7527E /* LaunchScreen.storyboard */; };
		6FA955E9271C9EDF00E7527E /* iosGameSuiteTests.swift in Sources */ = {isa = PBXBuildFile; fileRef = 6FA955E8271C9EDF00E7527E /* iosGameSuiteTests.swift */; };
		6FA955F3271C9EDF00E7527E /* iosGameSuiteUITests.swift in Sources */ = {isa = PBXBuildFile; fileRef = 6FA955F2271C9EDF00E7527E /* iosGameSuiteUITests.swift */; };
		6FA955F5271C9EDF00E7527E /* iosGameSuiteUITestsLaunchTests.swift in Sources */ = {isa = PBXBuildFile; fileRef = 6FA955F4271C9EDF00E7527E /* iosGameSuiteUITestsLaunchTests.swift */; };
		6FE1E90C2742A15300C8AC12 /* DrunkFightGameScene.swift in Sources */ = {isa = PBXBuildFile; fileRef = 6FE1E90B2742A15300C8AC12 /* DrunkFightGameScene.swift */; };
		6FE1E90F2742CAE600C8AC12 /* CGPoint+Ext.swift in Sources */ = {isa = PBXBuildFile; fileRef = 6FE1E90E2742CAE600C8AC12 /* CGPoint+Ext.swift */; };
		6FE1E9112742DF4C00C8AC12 /* CGFloat+Ext.swift in Sources */ = {isa = PBXBuildFile; fileRef = 6FE1E9102742DF4C00C8AC12 /* CGFloat+Ext.swift */; };
/* End PBXBuildFile section */

/* Begin PBXContainerItemProxy section */
		6FA955E5271C9EDF00E7527E /* PBXContainerItemProxy */ = {
			isa = PBXContainerItemProxy;
			containerPortal = 6FA955C3271C9EDE00E7527E /* Project object */;
			proxyType = 1;
			remoteGlobalIDString = 6FA955CA271C9EDE00E7527E;
			remoteInfo = iosGameSuite;
		};
		6FA955EF271C9EDF00E7527E /* PBXContainerItemProxy */ = {
			isa = PBXContainerItemProxy;
			containerPortal = 6FA955C3271C9EDE00E7527E /* Project object */;
			proxyType = 1;
			remoteGlobalIDString = 6FA955CA271C9EDE00E7527E;
			remoteInfo = iosGameSuite;
		};
/* End PBXContainerItemProxy section */

/* Begin PBXFileReference section */
		18A2405627230D16009C40B2 /* PostGameMenuScene.swift */ = {isa = PBXFileReference; lastKnownFileType = sourcecode.swift; path = PostGameMenuScene.swift; sourceTree = "<group>"; };
		6F2DBBFD271F3F2800675139 /* StartMenuScene.swift */ = {isa = PBXFileReference; lastKnownFileType = sourcecode.swift; path = StartMenuScene.swift; sourceTree = "<group>"; };
		6F5E5B8D27447BDF007D5026 /* Types.swift */ = {isa = PBXFileReference; lastKnownFileType = sourcecode.swift; path = Types.swift; sourceTree = "<group>"; };
		6FA955CB271C9EDE00E7527E /* iosGameSuite.app */ = {isa = PBXFileReference; explicitFileType = wrapper.application; includeInIndex = 0; path = iosGameSuite.app; sourceTree = BUILT_PRODUCTS_DIR; };
		6FA955CE271C9EDE00E7527E /* AppDelegate.swift */ = {isa = PBXFileReference; lastKnownFileType = sourcecode.swift; path = AppDelegate.swift; sourceTree = "<group>"; };
		6FA955D4271C9EDE00E7527E /* InfiniteJSONGameScene.swift */ = {isa = PBXFileReference; lastKnownFileType = sourcecode.swift; path = InfiniteJSONGameScene.swift; sourceTree = "<group>"; };
		6FA955D6271C9EDE00E7527E /* GameViewController.swift */ = {isa = PBXFileReference; lastKnownFileType = sourcecode.swift; path = GameViewController.swift; sourceTree = "<group>"; };
		6FA955D9271C9EDE00E7527E /* Base */ = {isa = PBXFileReference; lastKnownFileType = file.storyboard; name = Base; path = Base.lproj/Main.storyboard; sourceTree = "<group>"; };
		6FA955DB271C9EDF00E7527E /* Assets.xcassets */ = {isa = PBXFileReference; lastKnownFileType = folder.assetcatalog; path = Assets.xcassets; sourceTree = "<group>"; };
		6FA955DE271C9EDF00E7527E /* Base */ = {isa = PBXFileReference; lastKnownFileType = file.storyboard; name = Base; path = Base.lproj/LaunchScreen.storyboard; sourceTree = "<group>"; };
		6FA955E4271C9EDF00E7527E /* iosGameSuiteTests.xctest */ = {isa = PBXFileReference; explicitFileType = wrapper.cfbundle; includeInIndex = 0; path = iosGameSuiteTests.xctest; sourceTree = BUILT_PRODUCTS_DIR; };
		6FA955E8271C9EDF00E7527E /* iosGameSuiteTests.swift */ = {isa = PBXFileReference; lastKnownFileType = sourcecode.swift; path = iosGameSuiteTests.swift; sourceTree = "<group>"; };
		6FA955EE271C9EDF00E7527E /* iosGameSuiteUITests.xctest */ = {isa = PBXFileReference; explicitFileType = wrapper.cfbundle; includeInIndex = 0; path = iosGameSuiteUITests.xctest; sourceTree = BUILT_PRODUCTS_DIR; };
		6FA955F2271C9EDF00E7527E /* iosGameSuiteUITests.swift */ = {isa = PBXFileReference; lastKnownFileType = sourcecode.swift; path = iosGameSuiteUITests.swift; sourceTree = "<group>"; };
		6FA955F4271C9EDF00E7527E /* iosGameSuiteUITestsLaunchTests.swift */ = {isa = PBXFileReference; lastKnownFileType = sourcecode.swift; path = iosGameSuiteUITestsLaunchTests.swift; sourceTree = "<group>"; };
		6FE1E9062742996400C8AC12 /* rimouski sb.otf */ = {isa = PBXFileReference; lastKnownFileType = file; path = "rimouski sb.otf"; sourceTree = "<group>"; };
		6FE1E9092742999A00C8AC12 /* Info.plist */ = {isa = PBXFileReference; lastKnownFileType = text.plist.xml; path = Info.plist; sourceTree = "<group>"; };
		6FE1E90A27429A3800C8AC12 /* wheaton capitals.otf */ = {isa = PBXFileReference; lastKnownFileType = file; path = "wheaton capitals.otf"; sourceTree = "<group>"; };
		6FE1E90B2742A15300C8AC12 /* DrunkFightGameScene.swift */ = {isa = PBXFileReference; lastKnownFileType = sourcecode.swift; path = DrunkFightGameScene.swift; sourceTree = "<group>"; };
		6FE1E90E2742CAE600C8AC12 /* CGPoint+Ext.swift */ = {isa = PBXFileReference; lastKnownFileType = sourcecode.swift; path = "CGPoint+Ext.swift"; sourceTree = "<group>"; };
		6FE1E9102742DF4C00C8AC12 /* CGFloat+Ext.swift */ = {isa = PBXFileReference; lastKnownFileType = sourcecode.swift; path = "CGFloat+Ext.swift"; sourceTree = "<group>"; };
/* End PBXFileReference section */

/* Begin PBXFrameworksBuildPhase section */
		6FA955C8271C9EDE00E7527E /* Frameworks */ = {
			isa = PBXFrameworksBuildPhase;
			buildActionMask = 2147483647;
			files = (
			);
			runOnlyForDeploymentPostprocessing = 0;
		};
		6FA955E1271C9EDF00E7527E /* Frameworks */ = {
			isa = PBXFrameworksBuildPhase;
			buildActionMask = 2147483647;
			files = (
			);
			runOnlyForDeploymentPostprocessing = 0;
		};
		6FA955EB271C9EDF00E7527E /* Frameworks */ = {
			isa = PBXFrameworksBuildPhase;
			buildActionMask = 2147483647;
			files = (
			);
			runOnlyForDeploymentPostprocessing = 0;
		};
/* End PBXFrameworksBuildPhase section */

/* Begin PBXGroup section */
		6F5E5B8C27447BCF007D5026 /* Types */ = {
			isa = PBXGroup;
			children = (
				6F5E5B8D27447BDF007D5026 /* Types.swift */,
			);
			path = Types;
			sourceTree = "<group>";
		};
		6FA955C2271C9EDE00E7527E = {
			isa = PBXGroup;
			children = (
				6FA955CD271C9EDE00E7527E /* iosGameSuite */,
				6FA955E7271C9EDF00E7527E /* iosGameSuiteTests */,
				6FA955F1271C9EDF00E7527E /* iosGameSuiteUITests */,
				6FA955CC271C9EDE00E7527E /* Products */,
			);
			sourceTree = "<group>";
		};
		6FA955CC271C9EDE00E7527E /* Products */ = {
			isa = PBXGroup;
			children = (
				6FA955CB271C9EDE00E7527E /* iosGameSuite.app */,
				6FA955E4271C9EDF00E7527E /* iosGameSuiteTests.xctest */,
				6FA955EE271C9EDF00E7527E /* iosGameSuiteUITests.xctest */,
			);
			name = Products;
			sourceTree = "<group>";
		};
		6FA955CD271C9EDE00E7527E /* iosGameSuite */ = {
			isa = PBXGroup;
			children = (
				6F5E5B8C27447BCF007D5026 /* Types */,
				6FE1E90D2742CACC00C8AC12 /* Utilities */,
				6FE1E9002742983100C8AC12 /* Delegates */,
				6FE1E9012742984300C8AC12 /* Scenes */,
				6FE1E9022742985D00C8AC12 /* Controllers */,
				6FE1E9032742989900C8AC12 /* Mains */,
				6FE1E904274298A200C8AC12 /* Resources */,
			);
			path = iosGameSuite;
			sourceTree = "<group>";
		};
		6FA955E7271C9EDF00E7527E /* iosGameSuiteTests */ = {
			isa = PBXGroup;
			children = (
				6FA955E8271C9EDF00E7527E /* iosGameSuiteTests.swift */,
			);
			path = iosGameSuiteTests;
			sourceTree = "<group>";
		};
		6FA955F1271C9EDF00E7527E /* iosGameSuiteUITests */ = {
			isa = PBXGroup;
			children = (
				6FA955F2271C9EDF00E7527E /* iosGameSuiteUITests.swift */,
				6FA955F4271C9EDF00E7527E /* iosGameSuiteUITestsLaunchTests.swift */,
			);
			path = iosGameSuiteUITests;
			sourceTree = "<group>";
		};
		6FE1E9002742983100C8AC12 /* Delegates */ = {
			isa = PBXGroup;
			children = (
				6FA955CE271C9EDE00E7527E /* AppDelegate.swift */,
			);
			path = Delegates;
			sourceTree = "<group>";
		};
		6FE1E9012742984300C8AC12 /* Scenes */ = {
			isa = PBXGroup;
			children = (
				6F2DBBFD271F3F2800675139 /* StartMenuScene.swift */,
				6FA955D4271C9EDE00E7527E /* InfiniteJSONGameScene.swift */,
				18A2405627230D16009C40B2 /* PostGameMenuScene.swift */,
				6FE1E90B2742A15300C8AC12 /* DrunkFightGameScene.swift */,
			);
			path = Scenes;
			sourceTree = "<group>";
		};
		6FE1E9022742985D00C8AC12 /* Controllers */ = {
			isa = PBXGroup;
			children = (
				6FA955D6271C9EDE00E7527E /* GameViewController.swift */,
			);
			path = Controllers;
			sourceTree = "<group>";
		};
		6FE1E9032742989900C8AC12 /* Mains */ = {
			isa = PBXGroup;
			children = (
				6FA955D8271C9EDE00E7527E /* Main.storyboard */,
				6FA955DD271C9EDF00E7527E /* LaunchScreen.storyboard */,
			);
			path = Mains;
			sourceTree = "<group>";
		};
		6FE1E904274298A200C8AC12 /* Resources */ = {
			isa = PBXGroup;
			children = (
				6FE1E9092742999A00C8AC12 /* Info.plist */,
				6FE1E9082742998100C8AC12 /* Sounds */,
				6FE1E9052742993D00C8AC12 /* Fonts */,
				6FA955DB271C9EDF00E7527E /* Assets.xcassets */,
			);
			path = Resources;
			sourceTree = "<group>";
		};
		6FE1E9052742993D00C8AC12 /* Fonts */ = {
			isa = PBXGroup;
			children = (
				6FE1E9062742996400C8AC12 /* rimouski sb.otf */,
				6FE1E90A27429A3800C8AC12 /* wheaton capitals.otf */,
			);
			path = Fonts;
			sourceTree = "<group>";
		};
		6FE1E9082742998100C8AC12 /* Sounds */ = {
			isa = PBXGroup;
			children = (
			);
			path = Sounds;
			sourceTree = "<group>";
		};
		6FE1E90D2742CACC00C8AC12 /* Utilities */ = {
			isa = PBXGroup;
			children = (
				6FE1E90E2742CAE600C8AC12 /* CGPoint+Ext.swift */,
				6FE1E9102742DF4C00C8AC12 /* CGFloat+Ext.swift */,
			);
			path = Utilities;
			sourceTree = "<group>";
		};
/* End PBXGroup section */

/* Begin PBXNativeTarget section */
		6FA955CA271C9EDE00E7527E /* iosGameSuite */ = {
			isa = PBXNativeTarget;
			buildConfigurationList = 6FA955F8271C9EDF00E7527E /* Build configuration list for PBXNativeTarget "iosGameSuite" */;
			buildPhases = (
				6FA955C7271C9EDE00E7527E /* Sources */,
				6FA955C8271C9EDE00E7527E /* Frameworks */,
				6FA955C9271C9EDE00E7527E /* Resources */,
			);
			buildRules = (
			);
			dependencies = (
			);
			name = iosGameSuite;
			productName = iosGameSuite;
			productReference = 6FA955CB271C9EDE00E7527E /* iosGameSuite.app */;
			productType = "com.apple.product-type.application";
		};
		6FA955E3271C9EDF00E7527E /* iosGameSuiteTests */ = {
			isa = PBXNativeTarget;
			buildConfigurationList = 6FA955FB271C9EDF00E7527E /* Build configuration list for PBXNativeTarget "iosGameSuiteTests" */;
			buildPhases = (
				6FA955E0271C9EDF00E7527E /* Sources */,
				6FA955E1271C9EDF00E7527E /* Frameworks */,
				6FA955E2271C9EDF00E7527E /* Resources */,
			);
			buildRules = (
			);
			dependencies = (
				6FA955E6271C9EDF00E7527E /* PBXTargetDependency */,
			);
			name = iosGameSuiteTests;
			productName = iosGameSuiteTests;
			productReference = 6FA955E4271C9EDF00E7527E /* iosGameSuiteTests.xctest */;
			productType = "com.apple.product-type.bundle.unit-test";
		};
		6FA955ED271C9EDF00E7527E /* iosGameSuiteUITests */ = {
			isa = PBXNativeTarget;
			buildConfigurationList = 6FA955FE271C9EDF00E7527E /* Build configuration list for PBXNativeTarget "iosGameSuiteUITests" */;
			buildPhases = (
				6FA955EA271C9EDF00E7527E /* Sources */,
				6FA955EB271C9EDF00E7527E /* Frameworks */,
				6FA955EC271C9EDF00E7527E /* Resources */,
			);
			buildRules = (
			);
			dependencies = (
				6FA955F0271C9EDF00E7527E /* PBXTargetDependency */,
			);
			name = iosGameSuiteUITests;
			productName = iosGameSuiteUITests;
			productReference = 6FA955EE271C9EDF00E7527E /* iosGameSuiteUITests.xctest */;
			productType = "com.apple.product-type.bundle.ui-testing";
		};
/* End PBXNativeTarget section */

/* Begin PBXProject section */
		6FA955C3271C9EDE00E7527E /* Project object */ = {
			isa = PBXProject;
			attributes = {
				BuildIndependentTargetsInParallel = 1;
				LastSwiftUpdateCheck = 1300;
				LastUpgradeCheck = 1300;
				TargetAttributes = {
					6FA955CA271C9EDE00E7527E = {
						CreatedOnToolsVersion = 13.0;
					};
					6FA955E3271C9EDF00E7527E = {
						CreatedOnToolsVersion = 13.0;
						TestTargetID = 6FA955CA271C9EDE00E7527E;
					};
					6FA955ED271C9EDF00E7527E = {
						CreatedOnToolsVersion = 13.0;
						TestTargetID = 6FA955CA271C9EDE00E7527E;
					};
				};
			};
			buildConfigurationList = 6FA955C6271C9EDE00E7527E /* Build configuration list for PBXProject "iosGameSuite" */;
			compatibilityVersion = "Xcode 11.0";
			developmentRegion = en;
			hasScannedForEncodings = 0;
			knownRegions = (
				en,
				Base,
			);
			mainGroup = 6FA955C2271C9EDE00E7527E;
			productRefGroup = 6FA955CC271C9EDE00E7527E /* Products */;
			projectDirPath = "";
			projectRoot = "";
			targets = (
				6FA955CA271C9EDE00E7527E /* iosGameSuite */,
				6FA955E3271C9EDF00E7527E /* iosGameSuiteTests */,
				6FA955ED271C9EDF00E7527E /* iosGameSuiteUITests */,
			);
		};
/* End PBXProject section */

/* Begin PBXResourcesBuildPhase section */
		6FA955C9271C9EDE00E7527E /* Resources */ = {
			isa = PBXResourcesBuildPhase;
			buildActionMask = 2147483647;
			files = (
				6FA955DA271C9EDE00E7527E /* Main.storyboard in Resources */,
				6FA955DC271C9EDF00E7527E /* Assets.xcassets in Resources */,
				6FA955DF271C9EDF00E7527E /* LaunchScreen.storyboard in Resources */,
			);
			runOnlyForDeploymentPostprocessing = 0;
		};
		6FA955E2271C9EDF00E7527E /* Resources */ = {
			isa = PBXResourcesBuildPhase;
			buildActionMask = 2147483647;
			files = (
			);
			runOnlyForDeploymentPostprocessing = 0;
		};
		6FA955EC271C9EDF00E7527E /* Resources */ = {
			isa = PBXResourcesBuildPhase;
			buildActionMask = 2147483647;
			files = (
			);
			runOnlyForDeploymentPostprocessing = 0;
		};
/* End PBXResourcesBuildPhase section */

/* Begin PBXSourcesBuildPhase section */
		6FA955C7271C9EDE00E7527E /* Sources */ = {
			isa = PBXSourcesBuildPhase;
			buildActionMask = 2147483647;
			files = (
				6FE1E9112742DF4C00C8AC12 /* CGFloat+Ext.swift in Sources */,
				6FE1E90C2742A15300C8AC12 /* DrunkFightGameScene.swift in Sources */,
				18A2405727230D17009C40B2 /* PostGameMenuScene.swift in Sources */,
				6FA955D5271C9EDE00E7527E /* InfiniteJSONGameScene.swift in Sources */,
				6F2DBBFE271F3F2800675139 /* StartMenuScene.swift in Sources */,
				6FE1E90F2742CAE600C8AC12 /* CGPoint+Ext.swift in Sources */,
				6F5E5B8E27447BDF007D5026 /* Types.swift in Sources */,
				6FA955D7271C9EDE00E7527E /* GameViewController.swift in Sources */,
				6FA955CF271C9EDE00E7527E /* AppDelegate.swift in Sources */,
			);
			runOnlyForDeploymentPostprocessing = 0;
		};
		6FA955E0271C9EDF00E7527E /* Sources */ = {
			isa = PBXSourcesBuildPhase;
			buildActionMask = 2147483647;
			files = (
				6FA955E9271C9EDF00E7527E /* iosGameSuiteTests.swift in Sources */,
			);
			runOnlyForDeploymentPostprocessing = 0;
		};
		6FA955EA271C9EDF00E7527E /* Sources */ = {
			isa = PBXSourcesBuildPhase;
			buildActionMask = 2147483647;
			files = (
				6FA955F3271C9EDF00E7527E /* iosGameSuiteUITests.swift in Sources */,
				6FA955F5271C9EDF00E7527E /* iosGameSuiteUITestsLaunchTests.swift in Sources */,
			);
			runOnlyForDeploymentPostprocessing = 0;
		};
/* End PBXSourcesBuildPhase section */

/* Begin PBXTargetDependency section */
		6FA955E6271C9EDF00E7527E /* PBXTargetDependency */ = {
			isa = PBXTargetDependency;
			target = 6FA955CA271C9EDE00E7527E /* iosGameSuite */;
			targetProxy = 6FA955E5271C9EDF00E7527E /* PBXContainerItemProxy */;
		};
		6FA955F0271C9EDF00E7527E /* PBXTargetDependency */ = {
			isa = PBXTargetDependency;
			target = 6FA955CA271C9EDE00E7527E /* iosGameSuite */;
			targetProxy = 6FA955EF271C9EDF00E7527E /* PBXContainerItemProxy */;
		};
/* End PBXTargetDependency section */

/* Begin PBXVariantGroup section */
		6FA955D8271C9EDE00E7527E /* Main.storyboard */ = {
			isa = PBXVariantGroup;
			children = (
				6FA955D9271C9EDE00E7527E /* Base */,
			);
			name = Main.storyboard;
			sourceTree = "<group>";
		};
		6FA955DD271C9EDF00E7527E /* LaunchScreen.storyboard */ = {
			isa = PBXVariantGroup;
			children = (
				6FA955DE271C9EDF00E7527E /* Base */,
			);
			name = LaunchScreen.storyboard;
			sourceTree = "<group>";
		};
/* End PBXVariantGroup section */

/* Begin XCBuildConfiguration section */
		6FA955F6271C9EDF00E7527E /* Debug */ = {
			isa = XCBuildConfiguration;
			buildSettings = {
				ALWAYS_SEARCH_USER_PATHS = NO;
				CLANG_ANALYZER_NONNULL = YES;
				CLANG_ANALYZER_NUMBER_OBJECT_CONVERSION = YES_AGGRESSIVE;
				CLANG_CXX_LANGUAGE_STANDARD = "gnu++17";
				CLANG_CXX_LIBRARY = "libc++";
				CLANG_ENABLE_MODULES = YES;
				CLANG_ENABLE_OBJC_ARC = YES;
				CLANG_ENABLE_OBJC_WEAK = YES;
				CLANG_WARN_BLOCK_CAPTURE_AUTORELEASING = YES;
				CLANG_WARN_BOOL_CONVERSION = YES;
				CLANG_WARN_COMMA = YES;
				CLANG_WARN_CONSTANT_CONVERSION = YES;
				CLANG_WARN_DEPRECATED_OBJC_IMPLEMENTATIONS = YES;
				CLANG_WARN_DIRECT_OBJC_ISA_USAGE = YES_ERROR;
				CLANG_WARN_DOCUMENTATION_COMMENTS = YES;
				CLANG_WARN_EMPTY_BODY = YES;
				CLANG_WARN_ENUM_CONVERSION = YES;
				CLANG_WARN_INFINITE_RECURSION = YES;
				CLANG_WARN_INT_CONVERSION = YES;
				CLANG_WARN_NON_LITERAL_NULL_CONVERSION = YES;
				CLANG_WARN_OBJC_IMPLICIT_RETAIN_SELF = YES;
				CLANG_WARN_OBJC_LITERAL_CONVERSION = YES;
				CLANG_WARN_OBJC_ROOT_CLASS = YES_ERROR;
				CLANG_WARN_QUOTED_INCLUDE_IN_FRAMEWORK_HEADER = YES;
				CLANG_WARN_RANGE_LOOP_ANALYSIS = YES;
				CLANG_WARN_STRICT_PROTOTYPES = YES;
				CLANG_WARN_SUSPICIOUS_MOVE = YES;
				CLANG_WARN_UNGUARDED_AVAILABILITY = YES_AGGRESSIVE;
				CLANG_WARN_UNREACHABLE_CODE = YES;
				CLANG_WARN__DUPLICATE_METHOD_MATCH = YES;
				COPY_PHASE_STRIP = NO;
				DEBUG_INFORMATION_FORMAT = dwarf;
				ENABLE_STRICT_OBJC_MSGSEND = YES;
				ENABLE_TESTABILITY = YES;
				GCC_C_LANGUAGE_STANDARD = gnu11;
				GCC_DYNAMIC_NO_PIC = NO;
				GCC_NO_COMMON_BLOCKS = YES;
				GCC_OPTIMIZATION_LEVEL = 0;
				GCC_PREPROCESSOR_DEFINITIONS = (
					"DEBUG=1",
					"$(inherited)",
				);
				GCC_WARN_64_TO_32_BIT_CONVERSION = YES;
				GCC_WARN_ABOUT_RETURN_TYPE = YES_ERROR;
				GCC_WARN_UNDECLARED_SELECTOR = YES;
				GCC_WARN_UNINITIALIZED_AUTOS = YES_AGGRESSIVE;
				GCC_WARN_UNUSED_FUNCTION = YES;
				GCC_WARN_UNUSED_VARIABLE = YES;
				IPHONEOS_DEPLOYMENT_TARGET = 15.0;
				MTL_ENABLE_DEBUG_INFO = INCLUDE_SOURCE;
				MTL_FAST_MATH = YES;
				ONLY_ACTIVE_ARCH = YES;
				SDKROOT = iphoneos;
				SWIFT_ACTIVE_COMPILATION_CONDITIONS = DEBUG;
				SWIFT_OPTIMIZATION_LEVEL = "-Onone";
			};
			name = Debug;
		};
		6FA955F7271C9EDF00E7527E /* Release */ = {
			isa = XCBuildConfiguration;
			buildSettings = {
				ALWAYS_SEARCH_USER_PATHS = NO;
				CLANG_ANALYZER_NONNULL = YES;
				CLANG_ANALYZER_NUMBER_OBJECT_CONVERSION = YES_AGGRESSIVE;
				CLANG_CXX_LANGUAGE_STANDARD = "gnu++17";
				CLANG_CXX_LIBRARY = "libc++";
				CLANG_ENABLE_MODULES = YES;
				CLANG_ENABLE_OBJC_ARC = YES;
				CLANG_ENABLE_OBJC_WEAK = YES;
				CLANG_WARN_BLOCK_CAPTURE_AUTORELEASING = YES;
				CLANG_WARN_BOOL_CONVERSION = YES;
				CLANG_WARN_COMMA = YES;
				CLANG_WARN_CONSTANT_CONVERSION = YES;
				CLANG_WARN_DEPRECATED_OBJC_IMPLEMENTATIONS = YES;
				CLANG_WARN_DIRECT_OBJC_ISA_USAGE = YES_ERROR;
				CLANG_WARN_DOCUMENTATION_COMMENTS = YES;
				CLANG_WARN_EMPTY_BODY = YES;
				CLANG_WARN_ENUM_CONVERSION = YES;
				CLANG_WARN_INFINITE_RECURSION = YES;
				CLANG_WARN_INT_CONVERSION = YES;
				CLANG_WARN_NON_LITERAL_NULL_CONVERSION = YES;
				CLANG_WARN_OBJC_IMPLICIT_RETAIN_SELF = YES;
				CLANG_WARN_OBJC_LITERAL_CONVERSION = YES;
				CLANG_WARN_OBJC_ROOT_CLASS = YES_ERROR;
				CLANG_WARN_QUOTED_INCLUDE_IN_FRAMEWORK_HEADER = YES;
				CLANG_WARN_RANGE_LOOP_ANALYSIS = YES;
				CLANG_WARN_STRICT_PROTOTYPES = YES;
				CLANG_WARN_SUSPICIOUS_MOVE = YES;
				CLANG_WARN_UNGUARDED_AVAILABILITY = YES_AGGRESSIVE;
				CLANG_WARN_UNREACHABLE_CODE = YES;
				CLANG_WARN__DUPLICATE_METHOD_MATCH = YES;
				COPY_PHASE_STRIP = NO;
				DEBUG_INFORMATION_FORMAT = "dwarf-with-dsym";
				ENABLE_NS_ASSERTIONS = NO;
				ENABLE_STRICT_OBJC_MSGSEND = YES;
				GCC_C_LANGUAGE_STANDARD = gnu11;
				GCC_NO_COMMON_BLOCKS = YES;
				GCC_WARN_64_TO_32_BIT_CONVERSION = YES;
				GCC_WARN_ABOUT_RETURN_TYPE = YES_ERROR;
				GCC_WARN_UNDECLARED_SELECTOR = YES;
				GCC_WARN_UNINITIALIZED_AUTOS = YES_AGGRESSIVE;
				GCC_WARN_UNUSED_FUNCTION = YES;
				GCC_WARN_UNUSED_VARIABLE = YES;
				IPHONEOS_DEPLOYMENT_TARGET = 15.0;
				MTL_ENABLE_DEBUG_INFO = NO;
				MTL_FAST_MATH = YES;
				SDKROOT = iphoneos;
				SWIFT_COMPILATION_MODE = wholemodule;
				SWIFT_OPTIMIZATION_LEVEL = "-O";
				VALIDATE_PRODUCT = YES;
			};
			name = Release;
		};
		6FA955F9271C9EDF00E7527E /* Debug */ = {
			isa = XCBuildConfiguration;
			buildSettings = {
				ASSETCATALOG_COMPILER_APPICON_NAME = AppIcon;
				ASSETCATALOG_COMPILER_GLOBAL_ACCENT_COLOR_NAME = AccentColor;
				CODE_SIGN_STYLE = Automatic;
				CURRENT_PROJECT_VERSION = 1;
				DEVELOPMENT_TEAM = NXG6VMRD93;
				GENERATE_INFOPLIST_FILE = YES;
				INFOPLIST_FILE = iosGameSuite/Resources/Info.plist;
				INFOPLIST_KEY_LSApplicationCategoryType = "";
				INFOPLIST_KEY_UIApplicationSupportsIndirectInputEvents = YES;
				INFOPLIST_KEY_UILaunchStoryboardName = LaunchScreen;
				INFOPLIST_KEY_UIMainStoryboardFile = Main;
				INFOPLIST_KEY_UIStatusBarHidden = YES;
				INFOPLIST_KEY_UISupportedInterfaceOrientations = "UIInterfaceOrientationLandscapeLeft UIInterfaceOrientationLandscapeRight";
				INFOPLIST_KEY_UISupportedInterfaceOrientations_iPad = "UIInterfaceOrientationLandscapeLeft UIInterfaceOrientationLandscapeRight";
				INFOPLIST_KEY_UISupportedInterfaceOrientations_iPhone = "UIInterfaceOrientationLandscapeLeft UIInterfaceOrientationLandscapeRight";
				LD_RUNPATH_SEARCH_PATHS = (
					"$(inherited)",
					"@executable_path/Frameworks",
				);
				MARKETING_VERSION = 1.0;
				PRODUCT_BUNDLE_IDENTIFIER = com.zfogg.iosGameSuite;
				PRODUCT_NAME = "$(TARGET_NAME)";
				SWIFT_EMIT_LOC_STRINGS = YES;
				SWIFT_VERSION = 5.0;
				TARGETED_DEVICE_FAMILY = "1,2";
			};
			name = Debug;
		};
		6FA955FA271C9EDF00E7527E /* Release */ = {
			isa = XCBuildConfiguration;
			buildSettings = {
				ASSETCATALOG_COMPILER_APPICON_NAME = AppIcon;
				ASSETCATALOG_COMPILER_GLOBAL_ACCENT_COLOR_NAME = AccentColor;
				CODE_SIGN_STYLE = Automatic;
				CURRENT_PROJECT_VERSION = 1;
				DEVELOPMENT_TEAM = NXG6VMRD93;
				GENERATE_INFOPLIST_FILE = YES;
				INFOPLIST_FILE = iosGameSuite/Resources/Info.plist;
				INFOPLIST_KEY_LSApplicationCategoryType = "";
				INFOPLIST_KEY_UIApplicationSupportsIndirectInputEvents = YES;
				INFOPLIST_KEY_UILaunchStoryboardName = LaunchScreen;
				INFOPLIST_KEY_UIMainStoryboardFile = Main;
				INFOPLIST_KEY_UIStatusBarHidden = YES;
				INFOPLIST_KEY_UISupportedInterfaceOrientations = "UIInterfaceOrientationLandscapeLeft UIInterfaceOrientationLandscapeRight";
				INFOPLIST_KEY_UISupportedInterfaceOrientations_iPad = "UIInterfaceOrientationLandscapeLeft UIInterfaceOrientationLandscapeRight";
				INFOPLIST_KEY_UISupportedInterfaceOrientations_iPhone = "UIInterfaceOrientationLandscapeLeft UIInterfaceOrientationLandscapeRight";
				LD_RUNPATH_SEARCH_PATHS = (
					"$(inherited)",
					"@executable_path/Frameworks",
				);
				MARKETING_VERSION = 1.0;
				PRODUCT_BUNDLE_IDENTIFIER = com.zfogg.iosGameSuite;
				PRODUCT_NAME = "$(TARGET_NAME)";
				SWIFT_EMIT_LOC_STRINGS = YES;
				SWIFT_VERSION = 5.0;
				TARGETED_DEVICE_FAMILY = "1,2";
			};
			name = Release;
		};
		6FA955FC271C9EDF00E7527E /* Debug */ = {
			isa = XCBuildConfiguration;
			buildSettings = {
				ALWAYS_EMBED_SWIFT_STANDARD_LIBRARIES = YES;
				BUNDLE_LOADER = "$(TEST_HOST)";
				CODE_SIGN_STYLE = Automatic;
				CURRENT_PROJECT_VERSION = 1;
				GENERATE_INFOPLIST_FILE = YES;
				IPHONEOS_DEPLOYMENT_TARGET = 15.0;
				LD_RUNPATH_SEARCH_PATHS = (
					"$(inherited)",
					"@executable_path/Frameworks",
					"@loader_path/Frameworks",
				);
				MARKETING_VERSION = 1.0;
				PRODUCT_BUNDLE_IDENTIFIER = com.zfogg.iosGameSuiteTests;
				PRODUCT_NAME = "$(TARGET_NAME)";
				SWIFT_EMIT_LOC_STRINGS = NO;
				SWIFT_VERSION = 5.0;
				TARGETED_DEVICE_FAMILY = "1,2";
				TEST_HOST = "$(BUILT_PRODUCTS_DIR)/iosGameSuite.app/iosGameSuite";
			};
			name = Debug;
		};
		6FA955FD271C9EDF00E7527E /* Release */ = {
			isa = XCBuildConfiguration;
			buildSettings = {
				ALWAYS_EMBED_SWIFT_STANDARD_LIBRARIES = YES;
				BUNDLE_LOADER = "$(TEST_HOST)";
				CODE_SIGN_STYLE = Automatic;
				CURRENT_PROJECT_VERSION = 1;
				GENERATE_INFOPLIST_FILE = YES;
				IPHONEOS_DEPLOYMENT_TARGET = 15.0;
				LD_RUNPATH_SEARCH_PATHS = (
					"$(inherited)",
					"@executable_path/Frameworks",
					"@loader_path/Frameworks",
				);
				MARKETING_VERSION = 1.0;
				PRODUCT_BUNDLE_IDENTIFIER = com.zfogg.iosGameSuiteTests;
				PRODUCT_NAME = "$(TARGET_NAME)";
				SWIFT_EMIT_LOC_STRINGS = NO;
				SWIFT_VERSION = 5.0;
				TARGETED_DEVICE_FAMILY = "1,2";
				TEST_HOST = "$(BUILT_PRODUCTS_DIR)/iosGameSuite.app/iosGameSuite";
			};
			name = Release;
		};
		6FA955FF271C9EDF00E7527E /* Debug */ = {
			isa = XCBuildConfiguration;
			buildSettings = {
				ALWAYS_EMBED_SWIFT_STANDARD_LIBRARIES = YES;
				CODE_SIGN_STYLE = Automatic;
				CURRENT_PROJECT_VERSION = 1;
				GENERATE_INFOPLIST_FILE = YES;
				LD_RUNPATH_SEARCH_PATHS = (
					"$(inherited)",
					"@executable_path/Frameworks",
					"@loader_path/Frameworks",
				);
				MARKETING_VERSION = 1.0;
				PRODUCT_BUNDLE_IDENTIFIER = com.zfogg.iosGameSuiteUITests;
				PRODUCT_NAME = "$(TARGET_NAME)";
				SWIFT_EMIT_LOC_STRINGS = NO;
				SWIFT_VERSION = 5.0;
				TARGETED_DEVICE_FAMILY = "1,2";
				TEST_TARGET_NAME = iosGameSuite;
			};
			name = Debug;
		};
		6FA95600271C9EDF00E7527E /* Release */ = {
			isa = XCBuildConfiguration;
			buildSettings = {
				ALWAYS_EMBED_SWIFT_STANDARD_LIBRARIES = YES;
				CODE_SIGN_STYLE = Automatic;
				CURRENT_PROJECT_VERSION = 1;
				GENERATE_INFOPLIST_FILE = YES;
				LD_RUNPATH_SEARCH_PATHS = (
					"$(inherited)",
					"@executable_path/Frameworks",
					"@loader_path/Frameworks",
				);
				MARKETING_VERSION = 1.0;
				PRODUCT_BUNDLE_IDENTIFIER = com.zfogg.iosGameSuiteUITests;
				PRODUCT_NAME = "$(TARGET_NAME)";
				SWIFT_EMIT_LOC_STRINGS = NO;
				SWIFT_VERSION = 5.0;
				TARGETED_DEVICE_FAMILY = "1,2";
				TEST_TARGET_NAME = iosGameSuite;
			};
			name = Release;
		};
/* End XCBuildConfiguration section */

/* Begin XCConfigurationList section */
		6FA955C6271C9EDE00E7527E /* Build configuration list for PBXProject "iosGameSuite" */ = {
			isa = XCConfigurationList;
			buildConfigurations = (
				6FA955F6271C9EDF00E7527E /* Debug */,
				6FA955F7271C9EDF00E7527E /* Release */,
			);
			defaultConfigurationIsVisible = 0;
			defaultConfigurationName = Release;
		};
		6FA955F8271C9EDF00E7527E /* Build configuration list for PBXNativeTarget "iosGameSuite" */ = {
			isa = XCConfigurationList;
			buildConfigurations = (
				6FA955F9271C9EDF00E7527E /* Debug */,
				6FA955FA271C9EDF00E7527E /* Release */,
			);
			defaultConfigurationIsVisible = 0;
			defaultConfigurationName = Release;
		};
		6FA955FB271C9EDF00E7527E /* Build configuration list for PBXNativeTarget "iosGameSuiteTests" */ = {
			isa = XCConfigurationList;
			buildConfigurations = (
				6FA955FC271C9EDF00E7527E /* Debug */,
				6FA955FD271C9EDF00E7527E /* Release */,
			);
			defaultConfigurationIsVisible = 0;
			defaultConfigurationName = Release;
		};
		6FA955FE271C9EDF00E7527E /* Build configuration list for PBXNativeTarget "iosGameSuiteUITests" */ = {
			isa = XCConfigurationList;
			buildConfigurations = (
				6FA955FF271C9EDF00E7527E /* Debug */,
				6FA95600271C9EDF00E7527E /* Release */,
			);
			defaultConfigurationIsVisible = 0;
			defaultConfigurationName = Release;
		};
/* End XCConfigurationList section */
	};
	rootObject = 6FA955C3271C9EDE00E7527E /* Project object */;
}
